<?xml version="1.0" encoding="utf-8"?>
<Project ToolsVersion="4.0" xmlns="http://schemas.microsoft.com/developer/msbuild/2003">
  <ItemGroup>
    <ClCompile Include="wxTmpMain.cpp" />
    <ClCompile Include="wxTmpFrame.cpp">
      <Filter>UI</Filter>
    </ClCompile>
    <ClCompile Include="SqlToolFrame.cpp" />
    <ClCompile Include="ToolEngine.cpp" />
  </ItemGroup>
  <ItemGroup>
    <Filter Include="UI">
      <UniqueIdentifier>{92b18ec0-4fbc-4654-86e3-8330037ff4b4}</UniqueIdentifier>
    </Filter>
  </ItemGroup>
  <ItemGroup>
    <ClInclude Include="wxTmpFrame.h">
      <Filter>UI</Filter>
    </ClInclude>
    <ClInclude Include="SqlToolFrame.h" />
    <ClInclude Include="ToolEngine.h" />
    <ClInclude Include="resource.h" />
  </ItemGroup>
  <ItemGroup>
    <ResourceCompile Include="wxtmp.rc" />
  </ItemGroup>
</Project>